# @generated - this file is auto-generated by `mise lock` https://mise.jdx.dev/dev-tools/mise-lock.html

lockfile_version = 1

[[tools."aqua:earendil-works/pi"]]
version = "0.86.0"
backend = "aqua:earendil-works/pi"
specifiers = ["latest"]

[tools."aqua:earendil-works/pi"."platforms.linux-arm64"]
checksum = "sha256:f6ce943a175b05a2f5f8dda2e0edf6538f476208e1ed3a0026b82600df08f385"
url = "https://github.com/earendil-works/pi/releases/download/v0.86.0/pi-linux-arm64.tar.gz"
url_api = "https://api.github.com/repos/earendil-works/pi/releases/assets/575640992"

[tools."aqua:earendil-works/pi"."platforms.linux-x64"]
checksum = "sha256:afc6979293b95062c63fadee18b46b83089b244d67e1cb215cdca37ef9527caa"
url = "https://github.com/earendil-works/pi/releases/download/v0.86.0/pi-linux-x64.tar.gz"
url_api = "https://api.github.com/repos/earendil-works/pi/releases/assets/575640994"
