# @generated - this file is auto-generated by `mise lock` https://mise.jdx.dev/dev-tools/mise-lock.html

lockfile_version = 1

[[tools."aqua:earendil-works/pi"]]
version = "0.85.1"
backend = "aqua:earendil-works/pi"
specifiers = ["latest"]

[tools."aqua:earendil-works/pi"."platforms.linux-arm64"]
checksum = "sha256:042d20ae885ee4f3b102815f3280b962c377b2e9fb44de4037908cc530eae4d4"
url = "https://github.com/earendil-works/pi/releases/download/v0.85.1/pi-linux-arm64.tar.gz"
url_api = "https://api.github.com/repos/earendil-works/pi/releases/assets/545797549"

[tools."aqua:earendil-works/pi"."platforms.linux-x64"]
checksum = "sha256:494e498f47d74d21f40b3386f6a5e921a3d49531a169cab55bbdaca0ea1fe25a"
url = "https://github.com/earendil-works/pi/releases/download/v0.85.1/pi-linux-x64.tar.gz"
url_api = "https://api.github.com/repos/earendil-works/pi/releases/assets/545797547"
