# @generated - this file is auto-generated by `mise lock` https://mise.jdx.dev/dev-tools/mise-lock.html

lockfile_version = 1

[[tools."aqua:anthropics/claude-code"]]
version = "2.1.270"
backend = "aqua:anthropics/claude-code"
specifiers = ["latest"]

[tools."aqua:anthropics/claude-code"."platforms.linux-arm64"]
checksum = "sha256:005d990a52bc16a5dd9ac51f2cc959f686a2c502b343b2eab92351ababf50f7f"
url = "https://github.com/anthropics/claude-code/releases/download/v2.1.270/claude-linux-arm64.tar.gz"
url_api = "https://api.github.com/repos/anthropics/claude-code/releases/assets/559771865"

[tools."aqua:anthropics/claude-code"."platforms.linux-x64"]
checksum = "sha256:b069b327de3ad6c8cda70886675da46fb213797ac99a367df384e2202b37e0b7"
url = "https://github.com/anthropics/claude-code/releases/download/v2.1.270/claude-linux-x64.tar.gz"
url_api = "https://api.github.com/repos/anthropics/claude-code/releases/assets/559771973"
