# @generated - this file is auto-generated by `mise lock` https://mise.jdx.dev/dev-tools/mise-lock.html

lockfile_version = 1

[[tools."aqua:anthropics/claude-code"]]
version = "2.1.260"
backend = "aqua:anthropics/claude-code"
specifiers = ["latest"]

[tools."aqua:anthropics/claude-code"."platforms.linux-arm64"]
checksum = "sha256:cf0fc1c67da1db2b11384eed574360adb7aa29445da295a19d1a67901f998ae5"
url = "https://github.com/anthropics/claude-code/releases/download/v2.1.260/claude-linux-arm64.tar.gz"
url_api = "https://api.github.com/repos/anthropics/claude-code/releases/assets/543428939"

[tools."aqua:anthropics/claude-code"."platforms.linux-x64"]
checksum = "sha256:85c098eb76ef7476e7d6c7b813a8a4a42c3c95656947809166102067f5a3d551"
url = "https://github.com/anthropics/claude-code/releases/download/v2.1.260/claude-linux-x64.tar.gz"
url_api = "https://api.github.com/repos/anthropics/claude-code/releases/assets/543428994"
